
Microsoft Visual Studio Solution File, Format Version 12.00
# Visual Studio Version 17
VisualStudioVersion = 17.0.31912.275
MinimumVisualStudioVersion = 10.0.40219.1
Project("{FAE04EC0-301F-11D3-BF4B-00C04F79EFBC}") = "SapiTalk", "SapiTalk\SapiTalk.csproj", "{4D0FDC14-4350-4C45-BC46-996DAAD6FE4E}"
EndProject
Project("{FAE04EC0-301F-11D3-BF4B-00C04F79EFBC}") = "DnfSynthe", "DnfSynthe\DnfSynthe.csproj", "{108A243B-A2B6-4AB5-995B-C7DB30E1A431}"
EndProject
Global
	GlobalSection(SolutionConfigurationPlatforms) = preSolution
		Debug|Any CPU = Debug|Any CPU
		Release|Any CPU = Release|Any CPU
	EndGlobalSection
	GlobalSection(ProjectConfigurationPlatforms) = postSolution
		{4D0FDC14-4350-4C45-BC46-996DAAD6FE4E}.Debug|Any CPU.ActiveCfg = Debug|Any CPU
		{4D0FDC14-4350-4C45-BC46-996DAAD6FE4E}.Debug|Any CPU.Build.0 = Debug|Any CPU
		{4D0FDC14-4350-4C45-BC46-996DAAD6FE4E}.Release|Any CPU.ActiveCfg = Release|Any CPU
		{4D0FDC14-4350-4C45-BC46-996DAAD6FE4E}.Release|Any CPU.Build.0 = Release|Any CPU
		{108A243B-A2B6-4AB5-995B-C7DB30E1A431}.Debug|Any CPU.ActiveCfg = Debug|Any CPU
		{108A243B-A2B6-4AB5-995B-C7DB30E1A431}.Debug|Any CPU.Build.0 = Debug|Any CPU
		{108A243B-A2B6-4AB5-995B-C7DB30E1A431}.Release|Any CPU.ActiveCfg = Release|Any CPU
		{108A243B-A2B6-4AB5-995B-C7DB30E1A431}.Release|Any CPU.Build.0 = Release|Any CPU
	EndGlobalSection
	GlobalSection(SolutionProperties) = preSolution
		HideSolutionNode = FALSE
	EndGlobalSection
	GlobalSection(ExtensibilityGlobals) = postSolution
		SolutionGuid = {9F5F8BCF-7456-4F16-8E0A-DD332854243B}
	EndGlobalSection
EndGlobal
